{
   "name": "com.burning-lab.apploader",
   "version": "1.0.1",
   "lockfileVersion": 2,
   "requires": true,
   "packages": {
      "": {
         "name": "com.burning-lab.apploader",
         "version": "1.0.1",
         "license": "MIT",
         "devDependencies": {
            "com.burning-lab.utils.js-build-utils": "^0.1.12"
         }
      },
      "node_modules/com.burning-lab.utils.js-build-utils": {
         "version": "0.1.12",
         "resolved": "https://registry.npmjs.org/com.burning-lab.utils.js-build-utils/-/com.burning-lab.utils.js-build-utils-0.1.12.tgz",
         "integrity": "sha512-IA7W1hU/2YtBM44droRuzIcC3fOcA7i7l7FMGBpk7lO4MzeS4mOizyTBN2J6N2VIVMwxBFbObAuZU0VlTLS1Jw==",
         "dev": true
      }
   },
   "dependencies": {
      "com.burning-lab.utils.js-build-utils": {
         "version": "0.1.12",
         "resolved": "https://registry.npmjs.org/com.burning-lab.utils.js-build-utils/-/com.burning-lab.utils.js-build-utils-0.1.12.tgz",
         "integrity": "sha512-IA7W1hU/2YtBM44droRuzIcC3fOcA7i7l7FMGBpk7lO4MzeS4mOizyTBN2J6N2VIVMwxBFbObAuZU0VlTLS1Jw==",
         "dev": true
      }
   }
}
